
Microsoft Visual Studio Solution File, Format Version 12.00
# Visual Studio Version 17
VisualStudioVersion = 17.0.31903.59
MinimumVisualStudioVersion = 10.0.40219.1
Project("{FAE04EC0-301F-11D3-BF4B-00C04F79EFBC}") = "CoolApp", "CoolApp\CoolApp.csproj", "{02C70827-89EB-4FB8-BFF7-826356B400E5}"
EndProject
Project("{FAE04EC0-301F-11D3-BF4B-00C04F79EFBC}") = "CoolApp.Tests", "CoolApp.Tests\CoolApp.Tests.csproj", "{F8543826-CEC3-4ADE-86F4-F405DACB79B4}"
EndProject
Global
	GlobalSection(SolutionConfigurationPlatforms) = preSolution
		Debug|Any CPU = Debug|Any CPU
		Debug|x64 = Debug|x64
		Debug|x86 = Debug|x86
		Release|Any CPU = Release|Any CPU
		Release|x64 = Release|x64
		Release|x86 = Release|x86
	EndGlobalSection
	GlobalSection(ProjectConfigurationPlatforms) = postSolution
		{02C70827-89EB-4FB8-BFF7-826356B400E5}.Debug|Any CPU.ActiveCfg = Debug|Any CPU
		{02C70827-89EB-4FB8-BFF7-826356B400E5}.Debug|Any CPU.Build.0 = Debug|Any CPU
		{02C70827-89EB-4FB8-BFF7-826356B400E5}.Debug|x64.ActiveCfg = Debug|Any CPU
		{02C70827-89EB-4FB8-BFF7-826356B400E5}.Debug|x64.Build.0 = Debug|Any CPU
		{02C70827-89EB-4FB8-BFF7-826356B400E5}.Debug|x86.ActiveCfg = Debug|Any CPU
		{02C70827-89EB-4FB8-BFF7-826356B400E5}.Debug|x86.Build.0 = Debug|Any CPU
		{02C70827-89EB-4FB8-BFF7-826356B400E5}.Release|Any CPU.ActiveCfg = Release|Any CPU
		{02C70827-89EB-4FB8-BFF7-826356B400E5}.Release|Any CPU.Build.0 = Release|Any CPU
		{02C70827-89EB-4FB8-BFF7-826356B400E5}.Release|x64.ActiveCfg = Release|Any CPU
		{02C70827-89EB-4FB8-BFF7-826356B400E5}.Release|x64.Build.0 = Release|Any CPU
		{02C70827-89EB-4FB8-BFF7-826356B400E5}.Release|x86.ActiveCfg = Release|Any CPU
		{02C70827-89EB-4FB8-BFF7-826356B400E5}.Release|x86.Build.0 = Release|Any CPU
		{F8543826-CEC3-4ADE-86F4-F405DACB79B4}.Debug|Any CPU.ActiveCfg = Debug|Any CPU
		{F8543826-CEC3-4ADE-86F4-F405DACB79B4}.Debug|Any CPU.Build.0 = Debug|Any CPU
		{F8543826-CEC3-4ADE-86F4-F405DACB79B4}.Debug|x64.ActiveCfg = Debug|Any CPU
		{F8543826-CEC3-4ADE-86F4-F405DACB79B4}.Debug|x64.Build.0 = Debug|Any CPU
		{F8543826-CEC3-4ADE-86F4-F405DACB79B4}.Debug|x86.ActiveCfg = Debug|Any CPU
		{F8543826-CEC3-4ADE-86F4-F405DACB79B4}.Debug|x86.Build.0 = Debug|Any CPU
		{F8543826-CEC3-4ADE-86F4-F405DACB79B4}.Release|Any CPU.ActiveCfg = Release|Any CPU
		{F8543826-CEC3-4ADE-86F4-F405DACB79B4}.Release|Any CPU.Build.0 = Release|Any CPU
		{F8543826-CEC3-4ADE-86F4-F405DACB79B4}.Release|x64.ActiveCfg = Release|Any CPU
		{F8543826-CEC3-4ADE-86F4-F405DACB79B4}.Release|x64.Build.0 = Release|Any CPU
		{F8543826-CEC3-4ADE-86F4-F405DACB79B4}.Release|x86.ActiveCfg = Release|Any CPU
		{F8543826-CEC3-4ADE-86F4-F405DACB79B4}.Release|x86.Build.0 = Release|Any CPU
	EndGlobalSection
	GlobalSection(SolutionProperties) = preSolution
		HideSolutionNode = FALSE
	EndGlobalSection
EndGlobal
